
Microsoft Visual Studio Solution File, Format Version 12.00
# Visual Studio 15
VisualStudioVersion = 15.0.26430.6
MinimumVisualStudioVersion = 10.0.40219.1
Project("{FAE04EC0-301F-11D3-BF4B-00C04F79EFBC}") = "Bshkara.Core", "Bshkara.Core\Bshkara.Core.csproj", "{29DCA090-639A-4C52-84A6-BF50AE5EBB36}"
EndProject
Project("{FAE04EC0-301F-11D3-BF4B-00C04F79EFBC}") = "Bshkara.DAL", "Bshkara.DAL\Bshkara.DAL.csproj", "{8ECBD188-8100-4BF0-9A2F-F9D2ED86C9F8}"
EndProject
Project("{2150E333-8FDC-42A3-9474-1A3956D46DE8}") = "Web", "Web", "{57CFCB1F-89C9-4BB4-81B7-C545623D19A9}"
EndProject
Project("{2150E333-8FDC-42A3-9474-1A3956D46DE8}") = "Mobile", "Mobile", "{0A9F8168-456B-441E-98A4-C978F2E388EA}"
EndProject
Project("{FAE04EC0-301F-11D3-BF4B-00C04F79EFBC}") = "Bshkara.Mobile", "Bshkara.Mobile\Bshkara.Mobile\Bshkara.Mobile.csproj", "{CBFB9444-85AE-4BC9-A2C0-E06687FFD5D7}"
EndProject
Project("{FAE04EC0-301F-11D3-BF4B-00C04F79EFBC}") = "Bshkara.Mobile.Droid", "Bshkara.Mobile\Bshkara.Mobile.Droid\Bshkara.Mobile.Droid.csproj", "{46F1A78A-8747-4F97-8C2C-8AF1FDB3E31F}"
EndProject
Project("{FAE04EC0-301F-11D3-BF4B-00C04F79EFBC}") = "Bshkara.Mobile.iOS", "Bshkara.Mobile\Bshkara.Mobile.iOS\Bshkara.Mobile.iOS.csproj", "{3FE85600-6FCE-4E5A-ABE1-5338400FB521}"
EndProject
Project("{2150E333-8FDC-42A3-9474-1A3956D46DE8}") = "Shared", "Shared", "{F49B3428-CC0D-48B6-973B-5A0FC185B442}"
EndProject
Project("{FAE04EC0-301F-11D3-BF4B-00C04F79EFBC}") = "Bashkra.Shared", "Shared\Bashkra.Shared\Bashkra.Shared.csproj", "{DFDC03DB-FFF3-4D74-901D-FAB042B339BF}"
EndProject
Project("{FAE04EC0-301F-11D3-BF4B-00C04F79EFBC}") = "Bashkra.ApiClient", "Shared\Bashkra.ApiClient\Bashkra.ApiClient.csproj", "{45628A5D-89C2-48F1-B617-9A34F4126211}"
EndProject
Project("{FAE04EC0-301F-11D3-BF4B-00C04F79EFBC}") = "Bshkara.Web", "Bshkara.Web\Bshkara.Web.csproj", "{66D66889-2C7D-4F12-98F9-085593B1F15D}"
EndProject
Global
	GlobalSection(SolutionConfigurationPlatforms) = preSolution
		Ad-Hoc|Any CPU = Ad-Hoc|Any CPU
		Ad-Hoc|ARM = Ad-Hoc|ARM
		Ad-Hoc|iPhone = Ad-Hoc|iPhone
		Ad-Hoc|iPhoneSimulator = Ad-Hoc|iPhoneSimulator
		Ad-Hoc|x64 = Ad-Hoc|x64
		Ad-Hoc|x86 = Ad-Hoc|x86
		AppStore|Any CPU = AppStore|Any CPU
		AppStore|ARM = AppStore|ARM
		AppStore|iPhone = AppStore|iPhone
		AppStore|iPhoneSimulator = AppStore|iPhoneSimulator
		AppStore|x64 = AppStore|x64
		AppStore|x86 = AppStore|x86
		Debug|Any CPU = Debug|Any CPU
		Debug|ARM = Debug|ARM
		Debug|iPhone = Debug|iPhone
		Debug|iPhoneSimulator = Debug|iPhoneSimulator
		Debug|x64 = Debug|x64
		Debug|x86 = Debug|x86
		Release_on_bshkara_somee_com|Any CPU = Release_on_bshkara_somee_com|Any CPU
		Release_on_bshkara_somee_com|ARM = Release_on_bshkara_somee_com|ARM
		Release_on_bshkara_somee_com|iPhone = Release_on_bshkara_somee_com|iPhone
		Release_on_bshkara_somee_com|iPhoneSimulator = Release_on_bshkara_somee_com|iPhoneSimulator
		Release_on_bshkara_somee_com|x64 = Release_on_bshkara_somee_com|x64
		Release_on_bshkara_somee_com|x86 = Release_on_bshkara_somee_com|x86
		Release|Any CPU = Release|Any CPU
		Release|ARM = Release|ARM
		Release|iPhone = Release|iPhone
		Release|iPhoneSimulator = Release|iPhoneSimulator
		Release|x64 = Release|x64
		Release|x86 = Release|x86
	EndGlobalSection
	GlobalSection(ProjectConfigurationPlatforms) = postSolution
		{29DCA090-639A-4C52-84A6-BF50AE5EBB36}.Ad-Hoc|Any CPU.ActiveCfg = Release|Any CPU
		{29DCA090-639A-4C52-84A6-BF50AE5EBB36}.Ad-Hoc|Any CPU.Build.0 = Release|Any CPU
		{29DCA090-639A-4C52-84A6-BF50AE5EBB36}.Ad-Hoc|ARM.ActiveCfg = Release|Any CPU
		{29DCA090-639A-4C52-84A6-BF50AE5EBB36}.Ad-Hoc|ARM.Build.0 = Release|Any CPU
		{29DCA090-639A-4C52-84A6-BF50AE5EBB36}.Ad-Hoc|iPhone.ActiveCfg = Release|Any CPU
		{29DCA090-639A-4C52-84A6-BF50AE5EBB36}.Ad-Hoc|iPhone.Build.0 = Release|Any CPU
		{29DCA090-639A-4C52-84A6-BF50AE5EBB36}.Ad-Hoc|iPhoneSimulator.ActiveCfg = Release|Any CPU
		{29DCA090-639A-4C52-84A6-BF50AE5EBB36}.Ad-Hoc|iPhoneSimulator.Build.0 = Release|Any CPU
		{29DCA090-639A-4C52-84A6-BF50AE5EBB36}.Ad-Hoc|x64.ActiveCfg = Release|Any CPU
		{29DCA090-639A-4C52-84A6-BF50AE5EBB36}.Ad-Hoc|x64.Build.0 = Release|Any CPU
		{29DCA090-639A-4C52-84A6-BF50AE5EBB36}.Ad-Hoc|x86.ActiveCfg = Release|Any CPU
		{29DCA090-639A-4C52-84A6-BF50AE5EBB36}.Ad-Hoc|x86.Build.0 = Release|Any CPU
		{29DCA090-639A-4C52-84A6-BF50AE5EBB36}.AppStore|Any CPU.ActiveCfg = Release|Any CPU
		{29DCA090-639A-4C52-84A6-BF50AE5EBB36}.AppStore|Any CPU.Build.0 = Release|Any CPU
		{29DCA090-639A-4C52-84A6-BF50AE5EBB36}.AppStore|ARM.ActiveCfg = Release|Any CPU
		{29DCA090-639A-4C52-84A6-BF50AE5EBB36}.AppStore|ARM.Build.0 = Release|Any CPU
		{29DCA090-639A-4C52-84A6-BF50AE5EBB36}.AppStore|iPhone.ActiveCfg = Release|Any CPU
		{29DCA090-639A-4C52-84A6-BF50AE5EBB36}.AppStore|iPhone.Build.0 = Release|Any CPU
		{29DCA090-639A-4C52-84A6-BF50AE5EBB36}.AppStore|iPhoneSimulator.ActiveCfg = Release|Any CPU
		{29DCA090-639A-4C52-84A6-BF50AE5EBB36}.AppStore|iPhoneSimulator.Build.0 = Release|Any CPU
		{29DCA090-639A-4C52-84A6-BF50AE5EBB36}.AppStore|x64.ActiveCfg = Release|Any CPU
		{29DCA090-639A-4C52-84A6-BF50AE5EBB36}.AppStore|x64.Build.0 = Release|Any CPU
		{29DCA090-639A-4C52-84A6-BF50AE5EBB36}.AppStore|x86.ActiveCfg = Release|Any CPU
		{29DCA090-639A-4C52-84A6-BF50AE5EBB36}.AppStore|x86.Build.0 = Release|Any CPU
		{29DCA090-639A-4C52-84A6-BF50AE5EBB36}.Debug|Any CPU.ActiveCfg = Debug|Any CPU
		{29DCA090-639A-4C52-84A6-BF50AE5EBB36}.Debug|Any CPU.Build.0 = Debug|Any CPU
		{29DCA090-639A-4C52-84A6-BF50AE5EBB36}.Debug|ARM.ActiveCfg = Debug|Any CPU
		{29DCA090-639A-4C52-84A6-BF50AE5EBB36}.Debug|ARM.Build.0 = Debug|Any CPU
		{29DCA090-639A-4C52-84A6-BF50AE5EBB36}.Debug|iPhone.ActiveCfg = Debug|Any CPU
		{29DCA090-639A-4C52-84A6-BF50AE5EBB36}.Debug|iPhone.Build.0 = Debug|Any CPU
		{29DCA090-639A-4C52-84A6-BF50AE5EBB36}.Debug|iPhoneSimulator.ActiveCfg = Debug|Any CPU
		{29DCA090-639A-4C52-84A6-BF50AE5EBB36}.Debug|iPhoneSimulator.Build.0 = Debug|Any CPU
		{29DCA090-639A-4C52-84A6-BF50AE5EBB36}.Debug|x64.ActiveCfg = Debug|Any CPU
		{29DCA090-639A-4C52-84A6-BF50AE5EBB36}.Debug|x64.Build.0 = Debug|Any CPU
		{29DCA090-639A-4C52-84A6-BF50AE5EBB36}.Debug|x86.ActiveCfg = Debug|Any CPU
		{29DCA090-639A-4C52-84A6-BF50AE5EBB36}.Debug|x86.Build.0 = Debug|Any CPU
		{29DCA090-639A-4C52-84A6-BF50AE5EBB36}.Release_on_bshkara_somee_com|Any CPU.ActiveCfg = Release|Any CPU
		{29DCA090-639A-4C52-84A6-BF50AE5EBB36}.Release_on_bshkara_somee_com|Any CPU.Build.0 = Release|Any CPU
		{29DCA090-639A-4C52-84A6-BF50AE5EBB36}.Release_on_bshkara_somee_com|ARM.ActiveCfg = Release|Any CPU
		{29DCA090-639A-4C52-84A6-BF50AE5EBB36}.Release_on_bshkara_somee_com|ARM.Build.0 = Release|Any CPU
		{29DCA090-639A-4C52-84A6-BF50AE5EBB36}.Release_on_bshkara_somee_com|iPhone.ActiveCfg = Release|Any CPU
		{29DCA090-639A-4C52-84A6-BF50AE5EBB36}.Release_on_bshkara_somee_com|iPhone.Build.0 = Release|Any CPU
		{29DCA090-639A-4C52-84A6-BF50AE5EBB36}.Release_on_bshkara_somee_com|iPhoneSimulator.ActiveCfg = Release|Any CPU
		{29DCA090-639A-4C52-84A6-BF50AE5EBB36}.Release_on_bshkara_somee_com|iPhoneSimulator.Build.0 = Release|Any CPU
		{29DCA090-639A-4C52-84A6-BF50AE5EBB36}.Release_on_bshkara_somee_com|x64.ActiveCfg = Release|Any CPU
		{29DCA090-639A-4C52-84A6-BF50AE5EBB36}.Release_on_bshkara_somee_com|x64.Build.0 = Release|Any CPU
		{29DCA090-639A-4C52-84A6-BF50AE5EBB36}.Release_on_bshkara_somee_com|x86.ActiveCfg = Release|Any CPU
		{29DCA090-639A-4C52-84A6-BF50AE5EBB36}.Release_on_bshkara_somee_com|x86.Build.0 = Release|Any CPU
		{29DCA090-639A-4C52-84A6-BF50AE5EBB36}.Release|Any CPU.ActiveCfg = Release|Any CPU
		{29DCA090-639A-4C52-84A6-BF50AE5EBB36}.Release|Any CPU.Build.0 = Release|Any CPU
		{29DCA090-639A-4C52-84A6-BF50AE5EBB36}.Release|ARM.ActiveCfg = Release|Any CPU
		{29DCA090-639A-4C52-84A6-BF50AE5EBB36}.Release|ARM.Build.0 = Release|Any CPU
		{29DCA090-639A-4C52-84A6-BF50AE5EBB36}.Release|iPhone.ActiveCfg = Release|Any CPU
		{29DCA090-639A-4C52-84A6-BF50AE5EBB36}.Release|iPhone.Build.0 = Release|Any CPU
		{29DCA090-639A-4C52-84A6-BF50AE5EBB36}.Release|iPhoneSimulator.ActiveCfg = Release|Any CPU
		{29DCA090-639A-4C52-84A6-BF50AE5EBB36}.Release|iPhoneSimulator.Build.0 = Release|Any CPU
		{29DCA090-639A-4C52-84A6-BF50AE5EBB36}.Release|x64.ActiveCfg = Release|Any CPU
		{29DCA090-639A-4C52-84A6-BF50AE5EBB36}.Release|x64.Build.0 = Release|Any CPU
		{29DCA090-639A-4C52-84A6-BF50AE5EBB36}.Release|x86.ActiveCfg = Release|Any CPU
		{29DCA090-639A-4C52-84A6-BF50AE5EBB36}.Release|x86.Build.0 = Release|Any CPU
		{8ECBD188-8100-4BF0-9A2F-F9D2ED86C9F8}.Ad-Hoc|Any CPU.ActiveCfg = Release|Any CPU
		{8ECBD188-8100-4BF0-9A2F-F9D2ED86C9F8}.Ad-Hoc|Any CPU.Build.0 = Release|Any CPU
		{8ECBD188-8100-4BF0-9A2F-F9D2ED86C9F8}.Ad-Hoc|ARM.ActiveCfg = Release|Any CPU
		{8ECBD188-8100-4BF0-9A2F-F9D2ED86C9F8}.Ad-Hoc|ARM.Build.0 = Release|Any CPU
		{8ECBD188-8100-4BF0-9A2F-F9D2ED86C9F8}.Ad-Hoc|iPhone.ActiveCfg = Release|Any CPU
		{8ECBD188-8100-4BF0-9A2F-F9D2ED86C9F8}.Ad-Hoc|iPhone.Build.0 = Release|Any CPU
		{8ECBD188-8100-4BF0-9A2F-F9D2ED86C9F8}.Ad-Hoc|iPhoneSimulator.ActiveCfg = Release|Any CPU
		{8ECBD188-8100-4BF0-9A2F-F9D2ED86C9F8}.Ad-Hoc|iPhoneSimulator.Build.0 = Release|Any CPU
		{8ECBD188-8100-4BF0-9A2F-F9D2ED86C9F8}.Ad-Hoc|x64.ActiveCfg = Release|Any CPU
		{8ECBD188-8100-4BF0-9A2F-F9D2ED86C9F8}.Ad-Hoc|x64.Build.0 = Release|Any CPU
		{8ECBD188-8100-4BF0-9A2F-F9D2ED86C9F8}.Ad-Hoc|x86.ActiveCfg = Release|Any CPU
		{8ECBD188-8100-4BF0-9A2F-F9D2ED86C9F8}.Ad-Hoc|x86.Build.0 = Release|Any CPU
		{8ECBD188-8100-4BF0-9A2F-F9D2ED86C9F8}.AppStore|Any CPU.ActiveCfg = Release|Any CPU
		{8ECBD188-8100-4BF0-9A2F-F9D2ED86C9F8}.AppStore|Any CPU.Build.0 = Release|Any CPU
		{8ECBD188-8100-4BF0-9A2F-F9D2ED86C9F8}.AppStore|ARM.ActiveCfg = Release|Any CPU
		{8ECBD188-8100-4BF0-9A2F-F9D2ED86C9F8}.AppStore|ARM.Build.0 = Release|Any CPU
		{8ECBD188-8100-4BF0-9A2F-F9D2ED86C9F8}.AppStore|iPhone.ActiveCfg = Release|Any CPU
		{8ECBD188-8100-4BF0-9A2F-F9D2ED86C9F8}.AppStore|iPhone.Build.0 = Release|Any CPU
		{8ECBD188-8100-4BF0-9A2F-F9D2ED86C9F8}.AppStore|iPhoneSimulator.ActiveCfg = Release|Any CPU
		{8ECBD188-8100-4BF0-9A2F-F9D2ED86C9F8}.AppStore|iPhoneSimulator.Build.0 = Release|Any CPU
		{8ECBD188-8100-4BF0-9A2F-F9D2ED86C9F8}.AppStore|x64.ActiveCfg = Release|Any CPU
		{8ECBD188-8100-4BF0-9A2F-F9D2ED86C9F8}.AppStore|x64.Build.0 = Release|Any CPU
		{8ECBD188-8100-4BF0-9A2F-F9D2ED86C9F8}.AppStore|x86.ActiveCfg = Release|Any CPU
		{8ECBD188-8100-4BF0-9A2F-F9D2ED86C9F8}.AppStore|x86.Build.0 = Release|Any CPU
		{8ECBD188-8100-4BF0-9A2F-F9D2ED86C9F8}.Debug|Any CPU.ActiveCfg = Debug|Any CPU
		{8ECBD188-8100-4BF0-9A2F-F9D2ED86C9F8}.Debug|Any CPU.Build.0 = Debug|Any CPU
		{8ECBD188-8100-4BF0-9A2F-F9D2ED86C9F8}.Debug|ARM.ActiveCfg = Debug|Any CPU
		{8ECBD188-8100-4BF0-9A2F-F9D2ED86C9F8}.Debug|ARM.Build.0 = Debug|Any CPU
		{8ECBD188-8100-4BF0-9A2F-F9D2ED86C9F8}.Debug|iPhone.ActiveCfg = Debug|Any CPU
		{8ECBD188-8100-4BF0-9A2F-F9D2ED86C9F8}.Debug|iPhone.Build.0 = Debug|Any CPU
		{8ECBD188-8100-4BF0-9A2F-F9D2ED86C9F8}.Debug|iPhoneSimulator.ActiveCfg = Debug|Any CPU
		{8ECBD188-8100-4BF0-9A2F-F9D2ED86C9F8}.Debug|iPhoneSimulator.Build.0 = Debug|Any CPU
		{8ECBD188-8100-4BF0-9A2F-F9D2ED86C9F8}.Debug|x64.ActiveCfg = Debug|Any CPU
		{8ECBD188-8100-4BF0-9A2F-F9D2ED86C9F8}.Debug|x64.Build.0 = Debug|Any CPU
		{8ECBD188-8100-4BF0-9A2F-F9D2ED86C9F8}.Debug|x86.ActiveCfg = Debug|Any CPU
		{8ECBD188-8100-4BF0-9A2F-F9D2ED86C9F8}.Debug|x86.Build.0 = Debug|Any CPU
		{8ECBD188-8100-4BF0-9A2F-F9D2ED86C9F8}.Release_on_bshkara_somee_com|Any CPU.ActiveCfg = Release|Any CPU
		{8ECBD188-8100-4BF0-9A2F-F9D2ED86C9F8}.Release_on_bshkara_somee_com|Any CPU.Build.0 = Release|Any CPU
		{8ECBD188-8100-4BF0-9A2F-F9D2ED86C9F8}.Release_on_bshkara_somee_com|ARM.ActiveCfg = Release|Any CPU
		{8ECBD188-8100-4BF0-9A2F-F9D2ED86C9F8}.Release_on_bshkara_somee_com|ARM.Build.0 = Release|Any CPU
		{8ECBD188-8100-4BF0-9A2F-F9D2ED86C9F8}.Release_on_bshkara_somee_com|iPhone.ActiveCfg = Release|Any CPU
		{8ECBD188-8100-4BF0-9A2F-F9D2ED86C9F8}.Release_on_bshkara_somee_com|iPhone.Build.0 = Release|Any CPU
		{8ECBD188-8100-4BF0-9A2F-F9D2ED86C9F8}.Release_on_bshkara_somee_com|iPhoneSimulator.ActiveCfg = Release|Any CPU
		{8ECBD188-8100-4BF0-9A2F-F9D2ED86C9F8}.Release_on_bshkara_somee_com|iPhoneSimulator.Build.0 = Release|Any CPU
		{8ECBD188-8100-4BF0-9A2F-F9D2ED86C9F8}.Release_on_bshkara_somee_com|x64.ActiveCfg = Release|Any CPU
		{8ECBD188-8100-4BF0-9A2F-F9D2ED86C9F8}.Release_on_bshkara_somee_com|x64.Build.0 = Release|Any CPU
		{8ECBD188-8100-4BF0-9A2F-F9D2ED86C9F8}.Release_on_bshkara_somee_com|x86.ActiveCfg = Release|Any CPU
		{8ECBD188-8100-4BF0-9A2F-F9D2ED86C9F8}.Release_on_bshkara_somee_com|x86.Build.0 = Release|Any CPU
		{8ECBD188-8100-4BF0-9A2F-F9D2ED86C9F8}.Release|Any CPU.ActiveCfg = Release|Any CPU
		{8ECBD188-8100-4BF0-9A2F-F9D2ED86C9F8}.Release|Any CPU.Build.0 = Release|Any CPU
		{8ECBD188-8100-4BF0-9A2F-F9D2ED86C9F8}.Release|ARM.ActiveCfg = Release|Any CPU
		{8ECBD188-8100-4BF0-9A2F-F9D2ED86C9F8}.Release|ARM.Build.0 = Release|Any CPU
		{8ECBD188-8100-4BF0-9A2F-F9D2ED86C9F8}.Release|iPhone.ActiveCfg = Release|Any CPU
		{8ECBD188-8100-4BF0-9A2F-F9D2ED86C9F8}.Release|iPhone.Build.0 = Release|Any CPU
		{8ECBD188-8100-4BF0-9A2F-F9D2ED86C9F8}.Release|iPhoneSimulator.ActiveCfg = Release|Any CPU
		{8ECBD188-8100-4BF0-9A2F-F9D2ED86C9F8}.Release|iPhoneSimulator.Build.0 = Release|Any CPU
		{8ECBD188-8100-4BF0-9A2F-F9D2ED86C9F8}.Release|x64.ActiveCfg = Release|Any CPU
		{8ECBD188-8100-4BF0-9A2F-F9D2ED86C9F8}.Release|x64.Build.0 = Release|Any CPU
		{8ECBD188-8100-4BF0-9A2F-F9D2ED86C9F8}.Release|x86.ActiveCfg = Release|Any CPU
		{8ECBD188-8100-4BF0-9A2F-F9D2ED86C9F8}.Release|x86.Build.0 = Release|Any CPU
		{CBFB9444-85AE-4BC9-A2C0-E06687FFD5D7}.Ad-Hoc|Any CPU.ActiveCfg = Release|Any CPU
		{CBFB9444-85AE-4BC9-A2C0-E06687FFD5D7}.Ad-Hoc|Any CPU.Build.0 = Release|Any CPU
		{CBFB9444-85AE-4BC9-A2C0-E06687FFD5D7}.Ad-Hoc|ARM.ActiveCfg = Release|Any CPU
		{CBFB9444-85AE-4BC9-A2C0-E06687FFD5D7}.Ad-Hoc|ARM.Build.0 = Release|Any CPU
		{CBFB9444-85AE-4BC9-A2C0-E06687FFD5D7}.Ad-Hoc|iPhone.ActiveCfg = Release|Any CPU
		{CBFB9444-85AE-4BC9-A2C0-E06687FFD5D7}.Ad-Hoc|iPhone.Build.0 = Release|Any CPU
		{CBFB9444-85AE-4BC9-A2C0-E06687FFD5D7}.Ad-Hoc|iPhoneSimulator.ActiveCfg = Release|Any CPU
		{CBFB9444-85AE-4BC9-A2C0-E06687FFD5D7}.Ad-Hoc|iPhoneSimulator.Build.0 = Release|Any CPU
		{CBFB9444-85AE-4BC9-A2C0-E06687FFD5D7}.Ad-Hoc|x64.ActiveCfg = Release|Any CPU
		{CBFB9444-85AE-4BC9-A2C0-E06687FFD5D7}.Ad-Hoc|x64.Build.0 = Release|Any CPU
		{CBFB9444-85AE-4BC9-A2C0-E06687FFD5D7}.Ad-Hoc|x86.ActiveCfg = Release|Any CPU
		{CBFB9444-85AE-4BC9-A2C0-E06687FFD5D7}.Ad-Hoc|x86.Build.0 = Release|Any CPU
		{CBFB9444-85AE-4BC9-A2C0-E06687FFD5D7}.AppStore|Any CPU.ActiveCfg = Release|Any CPU
		{CBFB9444-85AE-4BC9-A2C0-E06687FFD5D7}.AppStore|Any CPU.Build.0 = Release|Any CPU
		{CBFB9444-85AE-4BC9-A2C0-E06687FFD5D7}.AppStore|ARM.ActiveCfg = Release|Any CPU
		{CBFB9444-85AE-4BC9-A2C0-E06687FFD5D7}.AppStore|ARM.Build.0 = Release|Any CPU
		{CBFB9444-85AE-4BC9-A2C0-E06687FFD5D7}.AppStore|iPhone.ActiveCfg = Release|Any CPU
		{CBFB9444-85AE-4BC9-A2C0-E06687FFD5D7}.AppStore|iPhone.Build.0 = Release|Any CPU
		{CBFB9444-85AE-4BC9-A2C0-E06687FFD5D7}.AppStore|iPhoneSimulator.ActiveCfg = Release|Any CPU
		{CBFB9444-85AE-4BC9-A2C0-E06687FFD5D7}.AppStore|iPhoneSimulator.Build.0 = Release|Any CPU
		{CBFB9444-85AE-4BC9-A2C0-E06687FFD5D7}.AppStore|x64.ActiveCfg = Release|Any CPU
		{CBFB9444-85AE-4BC9-A2C0-E06687FFD5D7}.AppStore|x64.Build.0 = Release|Any CPU
		{CBFB9444-85AE-4BC9-A2C0-E06687FFD5D7}.AppStore|x86.ActiveCfg = Release|Any CPU
		{CBFB9444-85AE-4BC9-A2C0-E06687FFD5D7}.AppStore|x86.Build.0 = Release|Any CPU
		{CBFB9444-85AE-4BC9-A2C0-E06687FFD5D7}.Debug|Any CPU.ActiveCfg = Debug|Any CPU
		{CBFB9444-85AE-4BC9-A2C0-E06687FFD5D7}.Debug|Any CPU.Build.0 = Debug|Any CPU
		{CBFB9444-85AE-4BC9-A2C0-E06687FFD5D7}.Debug|ARM.ActiveCfg = Debug|Any CPU
		{CBFB9444-85AE-4BC9-A2C0-E06687FFD5D7}.Debug|ARM.Build.0 = Debug|Any CPU
		{CBFB9444-85AE-4BC9-A2C0-E06687FFD5D7}.Debug|iPhone.ActiveCfg = Debug|Any CPU
		{CBFB9444-85AE-4BC9-A2C0-E06687FFD5D7}.Debug|iPhone.Build.0 = Debug|Any CPU
		{CBFB9444-85AE-4BC9-A2C0-E06687FFD5D7}.Debug|iPhoneSimulator.ActiveCfg = Debug|Any CPU
		{CBFB9444-85AE-4BC9-A2C0-E06687FFD5D7}.Debug|iPhoneSimulator.Build.0 = Debug|Any CPU
		{CBFB9444-85AE-4BC9-A2C0-E06687FFD5D7}.Debug|x64.ActiveCfg = Debug|Any CPU
		{CBFB9444-85AE-4BC9-A2C0-E06687FFD5D7}.Debug|x64.Build.0 = Debug|Any CPU
		{CBFB9444-85AE-4BC9-A2C0-E06687FFD5D7}.Debug|x86.ActiveCfg = Debug|Any CPU
		{CBFB9444-85AE-4BC9-A2C0-E06687FFD5D7}.Debug|x86.Build.0 = Debug|Any CPU
		{CBFB9444-85AE-4BC9-A2C0-E06687FFD5D7}.Release_on_bshkara_somee_com|Any CPU.ActiveCfg = Release|Any CPU
		{CBFB9444-85AE-4BC9-A2C0-E06687FFD5D7}.Release_on_bshkara_somee_com|Any CPU.Build.0 = Release|Any CPU
		{CBFB9444-85AE-4BC9-A2C0-E06687FFD5D7}.Release_on_bshkara_somee_com|ARM.ActiveCfg = Release|Any CPU
		{CBFB9444-85AE-4BC9-A2C0-E06687FFD5D7}.Release_on_bshkara_somee_com|ARM.Build.0 = Release|Any CPU
		{CBFB9444-85AE-4BC9-A2C0-E06687FFD5D7}.Release_on_bshkara_somee_com|iPhone.ActiveCfg = Release|Any CPU
		{CBFB9444-85AE-4BC9-A2C0-E06687FFD5D7}.Release_on_bshkara_somee_com|iPhone.Build.0 = Release|Any CPU
		{CBFB9444-85AE-4BC9-A2C0-E06687FFD5D7}.Release_on_bshkara_somee_com|iPhoneSimulator.ActiveCfg = Release|Any CPU
		{CBFB9444-85AE-4BC9-A2C0-E06687FFD5D7}.Release_on_bshkara_somee_com|iPhoneSimulator.Build.0 = Release|Any CPU
		{CBFB9444-85AE-4BC9-A2C0-E06687FFD5D7}.Release_on_bshkara_somee_com|x64.ActiveCfg = Release|Any CPU
		{CBFB9444-85AE-4BC9-A2C0-E06687FFD5D7}.Release_on_bshkara_somee_com|x64.Build.0 = Release|Any CPU
		{CBFB9444-85AE-4BC9-A2C0-E06687FFD5D7}.Release_on_bshkara_somee_com|x86.ActiveCfg = Release|Any CPU
		{CBFB9444-85AE-4BC9-A2C0-E06687FFD5D7}.Release_on_bshkara_somee_com|x86.Build.0 = Release|Any CPU
		{CBFB9444-85AE-4BC9-A2C0-E06687FFD5D7}.Release|Any CPU.ActiveCfg = Release|Any CPU
		{CBFB9444-85AE-4BC9-A2C0-E06687FFD5D7}.Release|Any CPU.Build.0 = Release|Any CPU
		{CBFB9444-85AE-4BC9-A2C0-E06687FFD5D7}.Release|ARM.ActiveCfg = Release|Any CPU
		{CBFB9444-85AE-4BC9-A2C0-E06687FFD5D7}.Release|ARM.Build.0 = Release|Any CPU
		{CBFB9444-85AE-4BC9-A2C0-E06687FFD5D7}.Release|iPhone.ActiveCfg = Release|Any CPU
		{CBFB9444-85AE-4BC9-A2C0-E06687FFD5D7}.Release|iPhone.Build.0 = Release|Any CPU
		{CBFB9444-85AE-4BC9-A2C0-E06687FFD5D7}.Release|iPhoneSimulator.ActiveCfg = Release|Any CPU
		{CBFB9444-85AE-4BC9-A2C0-E06687FFD5D7}.Release|iPhoneSimulator.Build.0 = Release|Any CPU
		{CBFB9444-85AE-4BC9-A2C0-E06687FFD5D7}.Release|x64.ActiveCfg = Release|Any CPU
		{CBFB9444-85AE-4BC9-A2C0-E06687FFD5D7}.Release|x64.Build.0 = Release|Any CPU
		{CBFB9444-85AE-4BC9-A2C0-E06687FFD5D7}.Release|x86.ActiveCfg = Release|Any CPU
		{CBFB9444-85AE-4BC9-A2C0-E06687FFD5D7}.Release|x86.Build.0 = Release|Any CPU
		{46F1A78A-8747-4F97-8C2C-8AF1FDB3E31F}.Ad-Hoc|Any CPU.ActiveCfg = Release|Any CPU
		{46F1A78A-8747-4F97-8C2C-8AF1FDB3E31F}.Ad-Hoc|Any CPU.Build.0 = Release|Any CPU
		{46F1A78A-8747-4F97-8C2C-8AF1FDB3E31F}.Ad-Hoc|Any CPU.Deploy.0 = Release|Any CPU
		{46F1A78A-8747-4F97-8C2C-8AF1FDB3E31F}.Ad-Hoc|ARM.ActiveCfg = Release|Any CPU
		{46F1A78A-8747-4F97-8C2C-8AF1FDB3E31F}.Ad-Hoc|ARM.Build.0 = Release|Any CPU
		{46F1A78A-8747-4F97-8C2C-8AF1FDB3E31F}.Ad-Hoc|ARM.Deploy.0 = Release|Any CPU
		{46F1A78A-8747-4F97-8C2C-8AF1FDB3E31F}.Ad-Hoc|iPhone.ActiveCfg = Release|Any CPU
		{46F1A78A-8747-4F97-8C2C-8AF1FDB3E31F}.Ad-Hoc|iPhone.Build.0 = Release|Any CPU
		{46F1A78A-8747-4F97-8C2C-8AF1FDB3E31F}.Ad-Hoc|iPhone.Deploy.0 = Release|Any CPU
		{46F1A78A-8747-4F97-8C2C-8AF1FDB3E31F}.Ad-Hoc|iPhoneSimulator.ActiveCfg = Release|Any CPU
		{46F1A78A-8747-4F97-8C2C-8AF1FDB3E31F}.Ad-Hoc|iPhoneSimulator.Build.0 = Release|Any CPU
		{46F1A78A-8747-4F97-8C2C-8AF1FDB3E31F}.Ad-Hoc|iPhoneSimulator.Deploy.0 = Release|Any CPU
		{46F1A78A-8747-4F97-8C2C-8AF1FDB3E31F}.Ad-Hoc|x64.ActiveCfg = Release|Any CPU
		{46F1A78A-8747-4F97-8C2C-8AF1FDB3E31F}.Ad-Hoc|x64.Build.0 = Release|Any CPU
		{46F1A78A-8747-4F97-8C2C-8AF1FDB3E31F}.Ad-Hoc|x64.Deploy.0 = Release|Any CPU
		{46F1A78A-8747-4F97-8C2C-8AF1FDB3E31F}.Ad-Hoc|x86.ActiveCfg = Release|Any CPU
		{46F1A78A-8747-4F97-8C2C-8AF1FDB3E31F}.Ad-Hoc|x86.Build.0 = Release|Any CPU
		{46F1A78A-8747-4F97-8C2C-8AF1FDB3E31F}.Ad-Hoc|x86.Deploy.0 = Release|Any CPU
		{46F1A78A-8747-4F97-8C2C-8AF1FDB3E31F}.AppStore|Any CPU.ActiveCfg = Release|Any CPU
		{46F1A78A-8747-4F97-8C2C-8AF1FDB3E31F}.AppStore|Any CPU.Build.0 = Release|Any CPU
		{46F1A78A-8747-4F97-8C2C-8AF1FDB3E31F}.AppStore|Any CPU.Deploy.0 = Release|Any CPU
		{46F1A78A-8747-4F97-8C2C-8AF1FDB3E31F}.AppStore|ARM.ActiveCfg = Release|Any CPU
		{46F1A78A-8747-4F97-8C2C-8AF1FDB3E31F}.AppStore|ARM.Build.0 = Release|Any CPU
		{46F1A78A-8747-4F97-8C2C-8AF1FDB3E31F}.AppStore|ARM.Deploy.0 = Release|Any CPU
		{46F1A78A-8747-4F97-8C2C-8AF1FDB3E31F}.AppStore|iPhone.ActiveCfg = Release|Any CPU
		{46F1A78A-8747-4F97-8C2C-8AF1FDB3E31F}.AppStore|iPhone.Build.0 = Release|Any CPU
		{46F1A78A-8747-4F97-8C2C-8AF1FDB3E31F}.AppStore|iPhone.Deploy.0 = Release|Any CPU
		{46F1A78A-8747-4F97-8C2C-8AF1FDB3E31F}.AppStore|iPhoneSimulator.ActiveCfg = Release|Any CPU
		{46F1A78A-8747-4F97-8C2C-8AF1FDB3E31F}.AppStore|iPhoneSimulator.Build.0 = Release|Any CPU
		{46F1A78A-8747-4F97-8C2C-8AF1FDB3E31F}.AppStore|iPhoneSimulator.Deploy.0 = Release|Any CPU
		{46F1A78A-8747-4F97-8C2C-8AF1FDB3E31F}.AppStore|x64.ActiveCfg = Release|Any CPU
		{46F1A78A-8747-4F97-8C2C-8AF1FDB3E31F}.AppStore|x64.Build.0 = Release|Any CPU
		{46F1A78A-8747-4F97-8C2C-8AF1FDB3E31F}.AppStore|x64.Deploy.0 = Release|Any CPU
		{46F1A78A-8747-4F97-8C2C-8AF1FDB3E31F}.AppStore|x86.ActiveCfg = Release|Any CPU
		{46F1A78A-8747-4F97-8C2C-8AF1FDB3E31F}.AppStore|x86.Build.0 = Release|Any CPU
		{46F1A78A-8747-4F97-8C2C-8AF1FDB3E31F}.AppStore|x86.Deploy.0 = Release|Any CPU
		{46F1A78A-8747-4F97-8C2C-8AF1FDB3E31F}.Debug|Any CPU.ActiveCfg = Debug|Any CPU
		{46F1A78A-8747-4F97-8C2C-8AF1FDB3E31F}.Debug|Any CPU.Build.0 = Debug|Any CPU
		{46F1A78A-8747-4F97-8C2C-8AF1FDB3E31F}.Debug|Any CPU.Deploy.0 = Debug|Any CPU
		{46F1A78A-8747-4F97-8C2C-8AF1FDB3E31F}.Debug|ARM.ActiveCfg = Debug|Any CPU
		{46F1A78A-8747-4F97-8C2C-8AF1FDB3E31F}.Debug|ARM.Build.0 = Debug|Any CPU
		{46F1A78A-8747-4F97-8C2C-8AF1FDB3E31F}.Debug|ARM.Deploy.0 = Debug|Any CPU
		{46F1A78A-8747-4F97-8C2C-8AF1FDB3E31F}.Debug|iPhone.ActiveCfg = Debug|Any CPU
		{46F1A78A-8747-4F97-8C2C-8AF1FDB3E31F}.Debug|iPhone.Build.0 = Debug|Any CPU
		{46F1A78A-8747-4F97-8C2C-8AF1FDB3E31F}.Debug|iPhone.Deploy.0 = Debug|Any CPU
		{46F1A78A-8747-4F97-8C2C-8AF1FDB3E31F}.Debug|iPhoneSimulator.ActiveCfg = Debug|Any CPU
		{46F1A78A-8747-4F97-8C2C-8AF1FDB3E31F}.Debug|iPhoneSimulator.Build.0 = Debug|Any CPU
		{46F1A78A-8747-4F97-8C2C-8AF1FDB3E31F}.Debug|iPhoneSimulator.Deploy.0 = Debug|Any CPU
		{46F1A78A-8747-4F97-8C2C-8AF1FDB3E31F}.Debug|x64.ActiveCfg = Debug|Any CPU
		{46F1A78A-8747-4F97-8C2C-8AF1FDB3E31F}.Debug|x64.Build.0 = Debug|Any CPU
		{46F1A78A-8747-4F97-8C2C-8AF1FDB3E31F}.Debug|x64.Deploy.0 = Debug|Any CPU
		{46F1A78A-8747-4F97-8C2C-8AF1FDB3E31F}.Debug|x86.ActiveCfg = Debug|Any CPU
		{46F1A78A-8747-4F97-8C2C-8AF1FDB3E31F}.Debug|x86.Build.0 = Debug|Any CPU
		{46F1A78A-8747-4F97-8C2C-8AF1FDB3E31F}.Debug|x86.Deploy.0 = Debug|Any CPU
		{46F1A78A-8747-4F97-8C2C-8AF1FDB3E31F}.Release_on_bshkara_somee_com|Any CPU.ActiveCfg = Release|Any CPU
		{46F1A78A-8747-4F97-8C2C-8AF1FDB3E31F}.Release_on_bshkara_somee_com|Any CPU.Build.0 = Release|Any CPU
		{46F1A78A-8747-4F97-8C2C-8AF1FDB3E31F}.Release_on_bshkara_somee_com|Any CPU.Deploy.0 = Release|Any CPU
		{46F1A78A-8747-4F97-8C2C-8AF1FDB3E31F}.Release_on_bshkara_somee_com|ARM.ActiveCfg = Release|Any CPU
		{46F1A78A-8747-4F97-8C2C-8AF1FDB3E31F}.Release_on_bshkara_somee_com|ARM.Build.0 = Release|Any CPU
		{46F1A78A-8747-4F97-8C2C-8AF1FDB3E31F}.Release_on_bshkara_somee_com|ARM.Deploy.0 = Release|Any CPU
		{46F1A78A-8747-4F97-8C2C-8AF1FDB3E31F}.Release_on_bshkara_somee_com|iPhone.ActiveCfg = Release|Any CPU
		{46F1A78A-8747-4F97-8C2C-8AF1FDB3E31F}.Release_on_bshkara_somee_com|iPhone.Build.0 = Release|Any CPU
		{46F1A78A-8747-4F97-8C2C-8AF1FDB3E31F}.Release_on_bshkara_somee_com|iPhone.Deploy.0 = Release|Any CPU
		{46F1A78A-8747-4F97-8C2C-8AF1FDB3E31F}.Release_on_bshkara_somee_com|iPhoneSimulator.ActiveCfg = Release|Any CPU
		{46F1A78A-8747-4F97-8C2C-8AF1FDB3E31F}.Release_on_bshkara_somee_com|iPhoneSimulator.Build.0 = Release|Any CPU
		{46F1A78A-8747-4F97-8C2C-8AF1FDB3E31F}.Release_on_bshkara_somee_com|iPhoneSimulator.Deploy.0 = Release|Any CPU
		{46F1A78A-8747-4F97-8C2C-8AF1FDB3E31F}.Release_on_bshkara_somee_com|x64.ActiveCfg = Release|Any CPU
		{46F1A78A-8747-4F97-8C2C-8AF1FDB3E31F}.Release_on_bshkara_somee_com|x64.Build.0 = Release|Any CPU
		{46F1A78A-8747-4F97-8C2C-8AF1FDB3E31F}.Release_on_bshkara_somee_com|x64.Deploy.0 = Release|Any CPU
		{46F1A78A-8747-4F97-8C2C-8AF1FDB3E31F}.Release_on_bshkara_somee_com|x86.ActiveCfg = Release|Any CPU
		{46F1A78A-8747-4F97-8C2C-8AF1FDB3E31F}.Release_on_bshkara_somee_com|x86.Build.0 = Release|Any CPU
		{46F1A78A-8747-4F97-8C2C-8AF1FDB3E31F}.Release_on_bshkara_somee_com|x86.Deploy.0 = Release|Any CPU
		{46F1A78A-8747-4F97-8C2C-8AF1FDB3E31F}.Release|Any CPU.ActiveCfg = Release|Any CPU
		{46F1A78A-8747-4F97-8C2C-8AF1FDB3E31F}.Release|Any CPU.Build.0 = Release|Any CPU
		{46F1A78A-8747-4F97-8C2C-8AF1FDB3E31F}.Release|Any CPU.Deploy.0 = Release|Any CPU
		{46F1A78A-8747-4F97-8C2C-8AF1FDB3E31F}.Release|ARM.ActiveCfg = Release|Any CPU
		{46F1A78A-8747-4F97-8C2C-8AF1FDB3E31F}.Release|ARM.Build.0 = Release|Any CPU
		{46F1A78A-8747-4F97-8C2C-8AF1FDB3E31F}.Release|ARM.Deploy.0 = Release|Any CPU
		{46F1A78A-8747-4F97-8C2C-8AF1FDB3E31F}.Release|iPhone.ActiveCfg = Release|Any CPU
		{46F1A78A-8747-4F97-8C2C-8AF1FDB3E31F}.Release|iPhone.Build.0 = Release|Any CPU
		{46F1A78A-8747-4F97-8C2C-8AF1FDB3E31F}.Release|iPhone.Deploy.0 = Release|Any CPU
		{46F1A78A-8747-4F97-8C2C-8AF1FDB3E31F}.Release|iPhoneSimulator.ActiveCfg = Release|Any CPU
		{46F1A78A-8747-4F97-8C2C-8AF1FDB3E31F}.Release|iPhoneSimulator.Build.0 = Release|Any CPU
		{46F1A78A-8747-4F97-8C2C-8AF1FDB3E31F}.Release|iPhoneSimulator.Deploy.0 = Release|Any CPU
		{46F1A78A-8747-4F97-8C2C-8AF1FDB3E31F}.Release|x64.ActiveCfg = Release|Any CPU
		{46F1A78A-8747-4F97-8C2C-8AF1FDB3E31F}.Release|x64.Build.0 = Release|Any CPU
		{46F1A78A-8747-4F97-8C2C-8AF1FDB3E31F}.Release|x64.Deploy.0 = Release|Any CPU
		{46F1A78A-8747-4F97-8C2C-8AF1FDB3E31F}.Release|x86.ActiveCfg = Release|Any CPU
		{46F1A78A-8747-4F97-8C2C-8AF1FDB3E31F}.Release|x86.Build.0 = Release|Any CPU
		{46F1A78A-8747-4F97-8C2C-8AF1FDB3E31F}.Release|x86.Deploy.0 = Release|Any CPU
		{3FE85600-6FCE-4E5A-ABE1-5338400FB521}.Ad-Hoc|Any CPU.ActiveCfg = Ad-Hoc|iPhone
		{3FE85600-6FCE-4E5A-ABE1-5338400FB521}.Ad-Hoc|ARM.ActiveCfg = Ad-Hoc|iPhone
		{3FE85600-6FCE-4E5A-ABE1-5338400FB521}.Ad-Hoc|iPhone.ActiveCfg = Ad-Hoc|iPhone
		{3FE85600-6FCE-4E5A-ABE1-5338400FB521}.Ad-Hoc|iPhone.Build.0 = Ad-Hoc|iPhone
		{3FE85600-6FCE-4E5A-ABE1-5338400FB521}.Ad-Hoc|iPhoneSimulator.ActiveCfg = Ad-Hoc|iPhoneSimulator
		{3FE85600-6FCE-4E5A-ABE1-5338400FB521}.Ad-Hoc|iPhoneSimulator.Build.0 = Ad-Hoc|iPhoneSimulator
		{3FE85600-6FCE-4E5A-ABE1-5338400FB521}.Ad-Hoc|x64.ActiveCfg = Ad-Hoc|iPhone
		{3FE85600-6FCE-4E5A-ABE1-5338400FB521}.Ad-Hoc|x86.ActiveCfg = Ad-Hoc|iPhone
		{3FE85600-6FCE-4E5A-ABE1-5338400FB521}.AppStore|Any CPU.ActiveCfg = AppStore|iPhone
		{3FE85600-6FCE-4E5A-ABE1-5338400FB521}.AppStore|ARM.ActiveCfg = AppStore|iPhone
		{3FE85600-6FCE-4E5A-ABE1-5338400FB521}.AppStore|iPhone.ActiveCfg = AppStore|iPhone
		{3FE85600-6FCE-4E5A-ABE1-5338400FB521}.AppStore|iPhone.Build.0 = AppStore|iPhone
		{3FE85600-6FCE-4E5A-ABE1-5338400FB521}.AppStore|iPhoneSimulator.ActiveCfg = AppStore|iPhoneSimulator
		{3FE85600-6FCE-4E5A-ABE1-5338400FB521}.AppStore|iPhoneSimulator.Build.0 = AppStore|iPhoneSimulator
		{3FE85600-6FCE-4E5A-ABE1-5338400FB521}.AppStore|x64.ActiveCfg = AppStore|iPhone
		{3FE85600-6FCE-4E5A-ABE1-5338400FB521}.AppStore|x86.ActiveCfg = AppStore|iPhone
		{3FE85600-6FCE-4E5A-ABE1-5338400FB521}.Debug|Any CPU.ActiveCfg = Debug|iPhone
		{3FE85600-6FCE-4E5A-ABE1-5338400FB521}.Debug|ARM.ActiveCfg = Debug|iPhone
		{3FE85600-6FCE-4E5A-ABE1-5338400FB521}.Debug|iPhone.ActiveCfg = Debug|iPhone
		{3FE85600-6FCE-4E5A-ABE1-5338400FB521}.Debug|iPhone.Build.0 = Debug|iPhone
		{3FE85600-6FCE-4E5A-ABE1-5338400FB521}.Debug|iPhoneSimulator.ActiveCfg = Debug|iPhoneSimulator
		{3FE85600-6FCE-4E5A-ABE1-5338400FB521}.Debug|iPhoneSimulator.Build.0 = Debug|iPhoneSimulator
		{3FE85600-6FCE-4E5A-ABE1-5338400FB521}.Debug|x64.ActiveCfg = Debug|iPhone
		{3FE85600-6FCE-4E5A-ABE1-5338400FB521}.Debug|x86.ActiveCfg = Debug|iPhone
		{3FE85600-6FCE-4E5A-ABE1-5338400FB521}.Release_on_bshkara_somee_com|Any CPU.ActiveCfg = Release|iPhoneSimulator
		{3FE85600-6FCE-4E5A-ABE1-5338400FB521}.Release_on_bshkara_somee_com|Any CPU.Build.0 = Release|iPhoneSimulator
		{3FE85600-6FCE-4E5A-ABE1-5338400FB521}.Release_on_bshkara_somee_com|ARM.ActiveCfg = Release|iPhoneSimulator
		{3FE85600-6FCE-4E5A-ABE1-5338400FB521}.Release_on_bshkara_somee_com|ARM.Build.0 = Release|iPhoneSimulator
		{3FE85600-6FCE-4E5A-ABE1-5338400FB521}.Release_on_bshkara_somee_com|iPhone.ActiveCfg = Release|iPhone
		{3FE85600-6FCE-4E5A-ABE1-5338400FB521}.Release_on_bshkara_somee_com|iPhone.Build.0 = Release|iPhone
		{3FE85600-6FCE-4E5A-ABE1-5338400FB521}.Release_on_bshkara_somee_com|iPhoneSimulator.ActiveCfg = Release|iPhoneSimulator
		{3FE85600-6FCE-4E5A-ABE1-5338400FB521}.Release_on_bshkara_somee_com|iPhoneSimulator.Build.0 = Release|iPhoneSimulator
		{3FE85600-6FCE-4E5A-ABE1-5338400FB521}.Release_on_bshkara_somee_com|x64.ActiveCfg = Release|iPhoneSimulator
		{3FE85600-6FCE-4E5A-ABE1-5338400FB521}.Release_on_bshkara_somee_com|x64.Build.0 = Release|iPhoneSimulator
		{3FE85600-6FCE-4E5A-ABE1-5338400FB521}.Release_on_bshkara_somee_com|x86.ActiveCfg = Release|iPhoneSimulator
		{3FE85600-6FCE-4E5A-ABE1-5338400FB521}.Release_on_bshkara_somee_com|x86.Build.0 = Release|iPhoneSimulator
		{3FE85600-6FCE-4E5A-ABE1-5338400FB521}.Release|Any CPU.ActiveCfg = Release|iPhone
		{3FE85600-6FCE-4E5A-ABE1-5338400FB521}.Release|ARM.ActiveCfg = Release|iPhone
		{3FE85600-6FCE-4E5A-ABE1-5338400FB521}.Release|iPhone.ActiveCfg = Release|iPhone
		{3FE85600-6FCE-4E5A-ABE1-5338400FB521}.Release|iPhone.Build.0 = Release|iPhone
		{3FE85600-6FCE-4E5A-ABE1-5338400FB521}.Release|iPhoneSimulator.ActiveCfg = Release|iPhoneSimulator
		{3FE85600-6FCE-4E5A-ABE1-5338400FB521}.Release|iPhoneSimulator.Build.0 = Release|iPhoneSimulator
		{3FE85600-6FCE-4E5A-ABE1-5338400FB521}.Release|x64.ActiveCfg = Release|iPhone
		{3FE85600-6FCE-4E5A-ABE1-5338400FB521}.Release|x86.ActiveCfg = Release|iPhone
		{DFDC03DB-FFF3-4D74-901D-FAB042B339BF}.Ad-Hoc|Any CPU.ActiveCfg = Release|Any CPU
		{DFDC03DB-FFF3-4D74-901D-FAB042B339BF}.Ad-Hoc|Any CPU.Build.0 = Release|Any CPU
		{DFDC03DB-FFF3-4D74-901D-FAB042B339BF}.Ad-Hoc|ARM.ActiveCfg = Release|Any CPU
		{DFDC03DB-FFF3-4D74-901D-FAB042B339BF}.Ad-Hoc|ARM.Build.0 = Release|Any CPU
		{DFDC03DB-FFF3-4D74-901D-FAB042B339BF}.Ad-Hoc|iPhone.ActiveCfg = Release|Any CPU
		{DFDC03DB-FFF3-4D74-901D-FAB042B339BF}.Ad-Hoc|iPhone.Build.0 = Release|Any CPU
		{DFDC03DB-FFF3-4D74-901D-FAB042B339BF}.Ad-Hoc|iPhoneSimulator.ActiveCfg = Release|Any CPU
		{DFDC03DB-FFF3-4D74-901D-FAB042B339BF}.Ad-Hoc|iPhoneSimulator.Build.0 = Release|Any CPU
		{DFDC03DB-FFF3-4D74-901D-FAB042B339BF}.Ad-Hoc|x64.ActiveCfg = Release|Any CPU
		{DFDC03DB-FFF3-4D74-901D-FAB042B339BF}.Ad-Hoc|x64.Build.0 = Release|Any CPU
		{DFDC03DB-FFF3-4D74-901D-FAB042B339BF}.Ad-Hoc|x86.ActiveCfg = Release|Any CPU
		{DFDC03DB-FFF3-4D74-901D-FAB042B339BF}.Ad-Hoc|x86.Build.0 = Release|Any CPU
		{DFDC03DB-FFF3-4D74-901D-FAB042B339BF}.AppStore|Any CPU.ActiveCfg = Release|Any CPU
		{DFDC03DB-FFF3-4D74-901D-FAB042B339BF}.AppStore|Any CPU.Build.0 = Release|Any CPU
		{DFDC03DB-FFF3-4D74-901D-FAB042B339BF}.AppStore|ARM.ActiveCfg = Release|Any CPU
		{DFDC03DB-FFF3-4D74-901D-FAB042B339BF}.AppStore|ARM.Build.0 = Release|Any CPU
		{DFDC03DB-FFF3-4D74-901D-FAB042B339BF}.AppStore|iPhone.ActiveCfg = Release|Any CPU
		{DFDC03DB-FFF3-4D74-901D-FAB042B339BF}.AppStore|iPhone.Build.0 = Release|Any CPU
		{DFDC03DB-FFF3-4D74-901D-FAB042B339BF}.AppStore|iPhoneSimulator.ActiveCfg = Release|Any CPU
		{DFDC03DB-FFF3-4D74-901D-FAB042B339BF}.AppStore|iPhoneSimulator.Build.0 = Release|Any CPU
		{DFDC03DB-FFF3-4D74-901D-FAB042B339BF}.AppStore|x64.ActiveCfg = Release|Any CPU
		{DFDC03DB-FFF3-4D74-901D-FAB042B339BF}.AppStore|x64.Build.0 = Release|Any CPU
		{DFDC03DB-FFF3-4D74-901D-FAB042B339BF}.AppStore|x86.ActiveCfg = Release|Any CPU
		{DFDC03DB-FFF3-4D74-901D-FAB042B339BF}.AppStore|x86.Build.0 = Release|Any CPU
		{DFDC03DB-FFF3-4D74-901D-FAB042B339BF}.Debug|Any CPU.ActiveCfg = Debug|Any CPU
		{DFDC03DB-FFF3-4D74-901D-FAB042B339BF}.Debug|Any CPU.Build.0 = Debug|Any CPU
		{DFDC03DB-FFF3-4D74-901D-FAB042B339BF}.Debug|ARM.ActiveCfg = Debug|Any CPU
		{DFDC03DB-FFF3-4D74-901D-FAB042B339BF}.Debug|ARM.Build.0 = Debug|Any CPU
		{DFDC03DB-FFF3-4D74-901D-FAB042B339BF}.Debug|iPhone.ActiveCfg = Debug|Any CPU
		{DFDC03DB-FFF3-4D74-901D-FAB042B339BF}.Debug|iPhone.Build.0 = Debug|Any CPU
		{DFDC03DB-FFF3-4D74-901D-FAB042B339BF}.Debug|iPhoneSimulator.ActiveCfg = Debug|Any CPU
		{DFDC03DB-FFF3-4D74-901D-FAB042B339BF}.Debug|iPhoneSimulator.Build.0 = Debug|Any CPU
		{DFDC03DB-FFF3-4D74-901D-FAB042B339BF}.Debug|x64.ActiveCfg = Debug|Any CPU
		{DFDC03DB-FFF3-4D74-901D-FAB042B339BF}.Debug|x64.Build.0 = Debug|Any CPU
		{DFDC03DB-FFF3-4D74-901D-FAB042B339BF}.Debug|x86.ActiveCfg = Debug|Any CPU
		{DFDC03DB-FFF3-4D74-901D-FAB042B339BF}.Debug|x86.Build.0 = Debug|Any CPU
		{DFDC03DB-FFF3-4D74-901D-FAB042B339BF}.Release_on_bshkara_somee_com|Any CPU.ActiveCfg = Release|Any CPU
		{DFDC03DB-FFF3-4D74-901D-FAB042B339BF}.Release_on_bshkara_somee_com|Any CPU.Build.0 = Release|Any CPU
		{DFDC03DB-FFF3-4D74-901D-FAB042B339BF}.Release_on_bshkara_somee_com|ARM.ActiveCfg = Release|Any CPU
		{DFDC03DB-FFF3-4D74-901D-FAB042B339BF}.Release_on_bshkara_somee_com|ARM.Build.0 = Release|Any CPU
		{DFDC03DB-FFF3-4D74-901D-FAB042B339BF}.Release_on_bshkara_somee_com|iPhone.ActiveCfg = Release|Any CPU
		{DFDC03DB-FFF3-4D74-901D-FAB042B339BF}.Release_on_bshkara_somee_com|iPhone.Build.0 = Release|Any CPU
		{DFDC03DB-FFF3-4D74-901D-FAB042B339BF}.Release_on_bshkara_somee_com|iPhoneSimulator.ActiveCfg = Release|Any CPU
		{DFDC03DB-FFF3-4D74-901D-FAB042B339BF}.Release_on_bshkara_somee_com|iPhoneSimulator.Build.0 = Release|Any CPU
		{DFDC03DB-FFF3-4D74-901D-FAB042B339BF}.Release_on_bshkara_somee_com|x64.ActiveCfg = Release|Any CPU
		{DFDC03DB-FFF3-4D74-901D-FAB042B339BF}.Release_on_bshkara_somee_com|x64.Build.0 = Release|Any CPU
		{DFDC03DB-FFF3-4D74-901D-FAB042B339BF}.Release_on_bshkara_somee_com|x86.ActiveCfg = Release|Any CPU
		{DFDC03DB-FFF3-4D74-901D-FAB042B339BF}.Release_on_bshkara_somee_com|x86.Build.0 = Release|Any CPU
		{DFDC03DB-FFF3-4D74-901D-FAB042B339BF}.Release|Any CPU.ActiveCfg = Release|Any CPU
		{DFDC03DB-FFF3-4D74-901D-FAB042B339BF}.Release|Any CPU.Build.0 = Release|Any CPU
		{DFDC03DB-FFF3-4D74-901D-FAB042B339BF}.Release|ARM.ActiveCfg = Release|Any CPU
		{DFDC03DB-FFF3-4D74-901D-FAB042B339BF}.Release|ARM.Build.0 = Release|Any CPU
		{DFDC03DB-FFF3-4D74-901D-FAB042B339BF}.Release|iPhone.ActiveCfg = Release|Any CPU
		{DFDC03DB-FFF3-4D74-901D-FAB042B339BF}.Release|iPhone.Build.0 = Release|Any CPU
		{DFDC03DB-FFF3-4D74-901D-FAB042B339BF}.Release|iPhoneSimulator.ActiveCfg = Release|Any CPU
		{DFDC03DB-FFF3-4D74-901D-FAB042B339BF}.Release|iPhoneSimulator.Build.0 = Release|Any CPU
		{DFDC03DB-FFF3-4D74-901D-FAB042B339BF}.Release|x64.ActiveCfg = Release|Any CPU
		{DFDC03DB-FFF3-4D74-901D-FAB042B339BF}.Release|x64.Build.0 = Release|Any CPU
		{DFDC03DB-FFF3-4D74-901D-FAB042B339BF}.Release|x86.ActiveCfg = Release|Any CPU
		{DFDC03DB-FFF3-4D74-901D-FAB042B339BF}.Release|x86.Build.0 = Release|Any CPU
		{45628A5D-89C2-48F1-B617-9A34F4126211}.Ad-Hoc|Any CPU.ActiveCfg = Release|Any CPU
		{45628A5D-89C2-48F1-B617-9A34F4126211}.Ad-Hoc|Any CPU.Build.0 = Release|Any CPU
		{45628A5D-89C2-48F1-B617-9A34F4126211}.Ad-Hoc|ARM.ActiveCfg = Release|Any CPU
		{45628A5D-89C2-48F1-B617-9A34F4126211}.Ad-Hoc|ARM.Build.0 = Release|Any CPU
		{45628A5D-89C2-48F1-B617-9A34F4126211}.Ad-Hoc|iPhone.ActiveCfg = Release|Any CPU
		{45628A5D-89C2-48F1-B617-9A34F4126211}.Ad-Hoc|iPhone.Build.0 = Release|Any CPU
		{45628A5D-89C2-48F1-B617-9A34F4126211}.Ad-Hoc|iPhoneSimulator.ActiveCfg = Release|Any CPU
		{45628A5D-89C2-48F1-B617-9A34F4126211}.Ad-Hoc|iPhoneSimulator.Build.0 = Release|Any CPU
		{45628A5D-89C2-48F1-B617-9A34F4126211}.Ad-Hoc|x64.ActiveCfg = Release|Any CPU
		{45628A5D-89C2-48F1-B617-9A34F4126211}.Ad-Hoc|x64.Build.0 = Release|Any CPU
		{45628A5D-89C2-48F1-B617-9A34F4126211}.Ad-Hoc|x86.ActiveCfg = Release|Any CPU
		{45628A5D-89C2-48F1-B617-9A34F4126211}.Ad-Hoc|x86.Build.0 = Release|Any CPU
		{45628A5D-89C2-48F1-B617-9A34F4126211}.AppStore|Any CPU.ActiveCfg = Release|Any CPU
		{45628A5D-89C2-48F1-B617-9A34F4126211}.AppStore|Any CPU.Build.0 = Release|Any CPU
		{45628A5D-89C2-48F1-B617-9A34F4126211}.AppStore|ARM.ActiveCfg = Release|Any CPU
		{45628A5D-89C2-48F1-B617-9A34F4126211}.AppStore|ARM.Build.0 = Release|Any CPU
		{45628A5D-89C2-48F1-B617-9A34F4126211}.AppStore|iPhone.ActiveCfg = Release|Any CPU
		{45628A5D-89C2-48F1-B617-9A34F4126211}.AppStore|iPhone.Build.0 = Release|Any CPU
		{45628A5D-89C2-48F1-B617-9A34F4126211}.AppStore|iPhoneSimulator.ActiveCfg = Release|Any CPU
		{45628A5D-89C2-48F1-B617-9A34F4126211}.AppStore|iPhoneSimulator.Build.0 = Release|Any CPU
		{45628A5D-89C2-48F1-B617-9A34F4126211}.AppStore|x64.ActiveCfg = Release|Any CPU
		{45628A5D-89C2-48F1-B617-9A34F4126211}.AppStore|x64.Build.0 = Release|Any CPU
		{45628A5D-89C2-48F1-B617-9A34F4126211}.AppStore|x86.ActiveCfg = Release|Any CPU
		{45628A5D-89C2-48F1-B617-9A34F4126211}.AppStore|x86.Build.0 = Release|Any CPU
		{45628A5D-89C2-48F1-B617-9A34F4126211}.Debug|Any CPU.ActiveCfg = Debug|Any CPU
		{45628A5D-89C2-48F1-B617-9A34F4126211}.Debug|Any CPU.Build.0 = Debug|Any CPU
		{45628A5D-89C2-48F1-B617-9A34F4126211}.Debug|ARM.ActiveCfg = Debug|Any CPU
		{45628A5D-89C2-48F1-B617-9A34F4126211}.Debug|ARM.Build.0 = Debug|Any CPU
		{45628A5D-89C2-48F1-B617-9A34F4126211}.Debug|iPhone.ActiveCfg = Debug|Any CPU
		{45628A5D-89C2-48F1-B617-9A34F4126211}.Debug|iPhone.Build.0 = Debug|Any CPU
		{45628A5D-89C2-48F1-B617-9A34F4126211}.Debug|iPhoneSimulator.ActiveCfg = Debug|Any CPU
		{45628A5D-89C2-48F1-B617-9A34F4126211}.Debug|iPhoneSimulator.Build.0 = Debug|Any CPU
		{45628A5D-89C2-48F1-B617-9A34F4126211}.Debug|x64.ActiveCfg = Debug|Any CPU
		{45628A5D-89C2-48F1-B617-9A34F4126211}.Debug|x64.Build.0 = Debug|Any CPU
		{45628A5D-89C2-48F1-B617-9A34F4126211}.Debug|x86.ActiveCfg = Debug|Any CPU
		{45628A5D-89C2-48F1-B617-9A34F4126211}.Debug|x86.Build.0 = Debug|Any CPU
		{45628A5D-89C2-48F1-B617-9A34F4126211}.Release_on_bshkara_somee_com|Any CPU.ActiveCfg = Release|Any CPU
		{45628A5D-89C2-48F1-B617-9A34F4126211}.Release_on_bshkara_somee_com|Any CPU.Build.0 = Release|Any CPU
		{45628A5D-89C2-48F1-B617-9A34F4126211}.Release_on_bshkara_somee_com|ARM.ActiveCfg = Release|Any CPU
		{45628A5D-89C2-48F1-B617-9A34F4126211}.Release_on_bshkara_somee_com|ARM.Build.0 = Release|Any CPU
		{45628A5D-89C2-48F1-B617-9A34F4126211}.Release_on_bshkara_somee_com|iPhone.ActiveCfg = Release|Any CPU
		{45628A5D-89C2-48F1-B617-9A34F4126211}.Release_on_bshkara_somee_com|iPhone.Build.0 = Release|Any CPU
		{45628A5D-89C2-48F1-B617-9A34F4126211}.Release_on_bshkara_somee_com|iPhoneSimulator.ActiveCfg = Release|Any CPU
		{45628A5D-89C2-48F1-B617-9A34F4126211}.Release_on_bshkara_somee_com|iPhoneSimulator.Build.0 = Release|Any CPU
		{45628A5D-89C2-48F1-B617-9A34F4126211}.Release_on_bshkara_somee_com|x64.ActiveCfg = Release|Any CPU
		{45628A5D-89C2-48F1-B617-9A34F4126211}.Release_on_bshkara_somee_com|x64.Build.0 = Release|Any CPU
		{45628A5D-89C2-48F1-B617-9A34F4126211}.Release_on_bshkara_somee_com|x86.ActiveCfg = Release|Any CPU
		{45628A5D-89C2-48F1-B617-9A34F4126211}.Release_on_bshkara_somee_com|x86.Build.0 = Release|Any CPU
		{45628A5D-89C2-48F1-B617-9A34F4126211}.Release|Any CPU.ActiveCfg = Release|Any CPU
		{45628A5D-89C2-48F1-B617-9A34F4126211}.Release|Any CPU.Build.0 = Release|Any CPU
		{45628A5D-89C2-48F1-B617-9A34F4126211}.Release|ARM.ActiveCfg = Release|Any CPU
		{45628A5D-89C2-48F1-B617-9A34F4126211}.Release|ARM.Build.0 = Release|Any CPU
		{45628A5D-89C2-48F1-B617-9A34F4126211}.Release|iPhone.ActiveCfg = Release|Any CPU
		{45628A5D-89C2-48F1-B617-9A34F4126211}.Release|iPhone.Build.0 = Release|Any CPU
		{45628A5D-89C2-48F1-B617-9A34F4126211}.Release|iPhoneSimulator.ActiveCfg = Release|Any CPU
		{45628A5D-89C2-48F1-B617-9A34F4126211}.Release|iPhoneSimulator.Build.0 = Release|Any CPU
		{45628A5D-89C2-48F1-B617-9A34F4126211}.Release|x64.ActiveCfg = Release|Any CPU
		{45628A5D-89C2-48F1-B617-9A34F4126211}.Release|x64.Build.0 = Release|Any CPU
		{45628A5D-89C2-48F1-B617-9A34F4126211}.Release|x86.ActiveCfg = Release|Any CPU
		{45628A5D-89C2-48F1-B617-9A34F4126211}.Release|x86.Build.0 = Release|Any CPU
		{66D66889-2C7D-4F12-98F9-085593B1F15D}.Ad-Hoc|Any CPU.ActiveCfg = Release|Any CPU
		{66D66889-2C7D-4F12-98F9-085593B1F15D}.Ad-Hoc|Any CPU.Build.0 = Release|Any CPU
		{66D66889-2C7D-4F12-98F9-085593B1F15D}.Ad-Hoc|ARM.ActiveCfg = Release|Any CPU
		{66D66889-2C7D-4F12-98F9-085593B1F15D}.Ad-Hoc|ARM.Build.0 = Release|Any CPU
		{66D66889-2C7D-4F12-98F9-085593B1F15D}.Ad-Hoc|iPhone.ActiveCfg = Release|Any CPU
		{66D66889-2C7D-4F12-98F9-085593B1F15D}.Ad-Hoc|iPhone.Build.0 = Release|Any CPU
		{66D66889-2C7D-4F12-98F9-085593B1F15D}.Ad-Hoc|iPhoneSimulator.ActiveCfg = Release|Any CPU
		{66D66889-2C7D-4F12-98F9-085593B1F15D}.Ad-Hoc|iPhoneSimulator.Build.0 = Release|Any CPU
		{66D66889-2C7D-4F12-98F9-085593B1F15D}.Ad-Hoc|x64.ActiveCfg = Release|Any CPU
		{66D66889-2C7D-4F12-98F9-085593B1F15D}.Ad-Hoc|x64.Build.0 = Release|Any CPU
		{66D66889-2C7D-4F12-98F9-085593B1F15D}.Ad-Hoc|x86.ActiveCfg = Release|Any CPU
		{66D66889-2C7D-4F12-98F9-085593B1F15D}.Ad-Hoc|x86.Build.0 = Release|Any CPU
		{66D66889-2C7D-4F12-98F9-085593B1F15D}.AppStore|Any CPU.ActiveCfg = Release|Any CPU
		{66D66889-2C7D-4F12-98F9-085593B1F15D}.AppStore|Any CPU.Build.0 = Release|Any CPU
		{66D66889-2C7D-4F12-98F9-085593B1F15D}.AppStore|ARM.ActiveCfg = Release|Any CPU
		{66D66889-2C7D-4F12-98F9-085593B1F15D}.AppStore|ARM.Build.0 = Release|Any CPU
		{66D66889-2C7D-4F12-98F9-085593B1F15D}.AppStore|iPhone.ActiveCfg = Release|Any CPU
		{66D66889-2C7D-4F12-98F9-085593B1F15D}.AppStore|iPhone.Build.0 = Release|Any CPU
		{66D66889-2C7D-4F12-98F9-085593B1F15D}.AppStore|iPhoneSimulator.ActiveCfg = Release|Any CPU
		{66D66889-2C7D-4F12-98F9-085593B1F15D}.AppStore|iPhoneSimulator.Build.0 = Release|Any CPU
		{66D66889-2C7D-4F12-98F9-085593B1F15D}.AppStore|x64.ActiveCfg = Release|Any CPU
		{66D66889-2C7D-4F12-98F9-085593B1F15D}.AppStore|x64.Build.0 = Release|Any CPU
		{66D66889-2C7D-4F12-98F9-085593B1F15D}.AppStore|x86.ActiveCfg = Release|Any CPU
		{66D66889-2C7D-4F12-98F9-085593B1F15D}.AppStore|x86.Build.0 = Release|Any CPU
		{66D66889-2C7D-4F12-98F9-085593B1F15D}.Debug|Any CPU.ActiveCfg = Debug|Any CPU
		{66D66889-2C7D-4F12-98F9-085593B1F15D}.Debug|Any CPU.Build.0 = Debug|Any CPU
		{66D66889-2C7D-4F12-98F9-085593B1F15D}.Debug|ARM.ActiveCfg = Debug|Any CPU
		{66D66889-2C7D-4F12-98F9-085593B1F15D}.Debug|ARM.Build.0 = Debug|Any CPU
		{66D66889-2C7D-4F12-98F9-085593B1F15D}.Debug|iPhone.ActiveCfg = Debug|Any CPU
		{66D66889-2C7D-4F12-98F9-085593B1F15D}.Debug|iPhone.Build.0 = Debug|Any CPU
		{66D66889-2C7D-4F12-98F9-085593B1F15D}.Debug|iPhoneSimulator.ActiveCfg = Debug|Any CPU
		{66D66889-2C7D-4F12-98F9-085593B1F15D}.Debug|iPhoneSimulator.Build.0 = Debug|Any CPU
		{66D66889-2C7D-4F12-98F9-085593B1F15D}.Debug|x64.ActiveCfg = Debug|Any CPU
		{66D66889-2C7D-4F12-98F9-085593B1F15D}.Debug|x64.Build.0 = Debug|Any CPU
		{66D66889-2C7D-4F12-98F9-085593B1F15D}.Debug|x86.ActiveCfg = Debug|Any CPU
		{66D66889-2C7D-4F12-98F9-085593B1F15D}.Debug|x86.Build.0 = Debug|Any CPU
		{66D66889-2C7D-4F12-98F9-085593B1F15D}.Release_on_bshkara_somee_com|Any CPU.ActiveCfg = Release|Any CPU
		{66D66889-2C7D-4F12-98F9-085593B1F15D}.Release_on_bshkara_somee_com|Any CPU.Build.0 = Release|Any CPU
		{66D66889-2C7D-4F12-98F9-085593B1F15D}.Release_on_bshkara_somee_com|ARM.ActiveCfg = Release|Any CPU
		{66D66889-2C7D-4F12-98F9-085593B1F15D}.Release_on_bshkara_somee_com|ARM.Build.0 = Release|Any CPU
		{66D66889-2C7D-4F12-98F9-085593B1F15D}.Release_on_bshkara_somee_com|iPhone.ActiveCfg = Release|Any CPU
		{66D66889-2C7D-4F12-98F9-085593B1F15D}.Release_on_bshkara_somee_com|iPhone.Build.0 = Release|Any CPU
		{66D66889-2C7D-4F12-98F9-085593B1F15D}.Release_on_bshkara_somee_com|iPhoneSimulator.ActiveCfg = Release|Any CPU
		{66D66889-2C7D-4F12-98F9-085593B1F15D}.Release_on_bshkara_somee_com|iPhoneSimulator.Build.0 = Release|Any CPU
		{66D66889-2C7D-4F12-98F9-085593B1F15D}.Release_on_bshkara_somee_com|x64.ActiveCfg = Release|Any CPU
		{66D66889-2C7D-4F12-98F9-085593B1F15D}.Release_on_bshkara_somee_com|x64.Build.0 = Release|Any CPU
		{66D66889-2C7D-4F12-98F9-085593B1F15D}.Release_on_bshkara_somee_com|x86.ActiveCfg = Release|Any CPU
		{66D66889-2C7D-4F12-98F9-085593B1F15D}.Release_on_bshkara_somee_com|x86.Build.0 = Release|Any CPU
		{66D66889-2C7D-4F12-98F9-085593B1F15D}.Release|Any CPU.ActiveCfg = Release|Any CPU
		{66D66889-2C7D-4F12-98F9-085593B1F15D}.Release|Any CPU.Build.0 = Release|Any CPU
		{66D66889-2C7D-4F12-98F9-085593B1F15D}.Release|ARM.ActiveCfg = Release|Any CPU
		{66D66889-2C7D-4F12-98F9-085593B1F15D}.Release|ARM.Build.0 = Release|Any CPU
		{66D66889-2C7D-4F12-98F9-085593B1F15D}.Release|iPhone.ActiveCfg = Release|Any CPU
		{66D66889-2C7D-4F12-98F9-085593B1F15D}.Release|iPhone.Build.0 = Release|Any CPU
		{66D66889-2C7D-4F12-98F9-085593B1F15D}.Release|iPhoneSimulator.ActiveCfg = Release|Any CPU
		{66D66889-2C7D-4F12-98F9-085593B1F15D}.Release|iPhoneSimulator.Build.0 = Release|Any CPU
		{66D66889-2C7D-4F12-98F9-085593B1F15D}.Release|x64.ActiveCfg = Release|Any CPU
		{66D66889-2C7D-4F12-98F9-085593B1F15D}.Release|x64.Build.0 = Release|Any CPU
		{66D66889-2C7D-4F12-98F9-085593B1F15D}.Release|x86.ActiveCfg = Release|Any CPU
		{66D66889-2C7D-4F12-98F9-085593B1F15D}.Release|x86.Build.0 = Release|Any CPU
	EndGlobalSection
	GlobalSection(SolutionProperties) = preSolution
		HideSolutionNode = FALSE
	EndGlobalSection
	GlobalSection(NestedProjects) = preSolution
		{29DCA090-639A-4C52-84A6-BF50AE5EBB36} = {57CFCB1F-89C9-4BB4-81B7-C545623D19A9}
		{8ECBD188-8100-4BF0-9A2F-F9D2ED86C9F8} = {57CFCB1F-89C9-4BB4-81B7-C545623D19A9}
		{CBFB9444-85AE-4BC9-A2C0-E06687FFD5D7} = {0A9F8168-456B-441E-98A4-C978F2E388EA}
		{46F1A78A-8747-4F97-8C2C-8AF1FDB3E31F} = {0A9F8168-456B-441E-98A4-C978F2E388EA}
		{3FE85600-6FCE-4E5A-ABE1-5338400FB521} = {0A9F8168-456B-441E-98A4-C978F2E388EA}
		{DFDC03DB-FFF3-4D74-901D-FAB042B339BF} = {F49B3428-CC0D-48B6-973B-5A0FC185B442}
		{45628A5D-89C2-48F1-B617-9A34F4126211} = {F49B3428-CC0D-48B6-973B-5A0FC185B442}
		{66D66889-2C7D-4F12-98F9-085593B1F15D} = {57CFCB1F-89C9-4BB4-81B7-C545623D19A9}
	EndGlobalSection
EndGlobal
